
Microsoft Visual Studio Solution File, Format Version 12.00
# Visual Studio 2013
VisualStudioVersion = 12.0.30723.0
MinimumVisualStudioVersion = 10.0.40219.1
Project("{FAE04EC0-301F-11D3-BF4B-00C04F79EFBC}") = "WebConsole", "WebConsole\WebConsole.csproj", "{F1199A2B-4828-4AD5-9F28-9B6D391887A5}"
EndProject
Project("{FAE04EC0-301F-11D3-BF4B-00C04F79EFBC}") = "WebConsole.Tests", "WebConsole.Tests\WebConsole.Tests.csproj", "{42B72C90-C32E-4432-967F-A0F1CDEEF4F6}"
EndProject
Project("{FAE04EC0-301F-11D3-BF4B-00C04F79EFBC}") = "ProjectManagement.Common", "ProjectManagement.Common\ProjectManagement.Common.csproj", "{9F6E4343-3A2D-444E-BB75-EA83B0199636}"
EndProject
Project("{FAE04EC0-301F-11D3-BF4B-00C04F79EFBC}") = "ProjectManagement.ConsoleService", "ProjectManagement.ConsoleService\ProjectManagement.ConsoleService.csproj", "{85F7470A-354A-4EFB-802A-4813A5E72431}"
EndProject
Global
	GlobalSection(SolutionConfigurationPlatforms) = preSolution
		Debug|Any CPU = Debug|Any CPU
		Release|Any CPU = Release|Any CPU
	EndGlobalSection
	GlobalSection(ProjectConfigurationPlatforms) = postSolution
		{F1199A2B-4828-4AD5-9F28-9B6D391887A5}.Debug|Any CPU.ActiveCfg = Debug|Any CPU
		{F1199A2B-4828-4AD5-9F28-9B6D391887A5}.Debug|Any CPU.Build.0 = Debug|Any CPU
		{F1199A2B-4828-4AD5-9F28-9B6D391887A5}.Release|Any CPU.ActiveCfg = Release|Any CPU
		{F1199A2B-4828-4AD5-9F28-9B6D391887A5}.Release|Any CPU.Build.0 = Release|Any CPU
		{42B72C90-C32E-4432-967F-A0F1CDEEF4F6}.Debug|Any CPU.ActiveCfg = Debug|Any CPU
		{42B72C90-C32E-4432-967F-A0F1CDEEF4F6}.Debug|Any CPU.Build.0 = Debug|Any CPU
		{42B72C90-C32E-4432-967F-A0F1CDEEF4F6}.Release|Any CPU.ActiveCfg = Release|Any CPU
		{42B72C90-C32E-4432-967F-A0F1CDEEF4F6}.Release|Any CPU.Build.0 = Release|Any CPU
		{9F6E4343-3A2D-444E-BB75-EA83B0199636}.Debug|Any CPU.ActiveCfg = Debug|Any CPU
		{9F6E4343-3A2D-444E-BB75-EA83B0199636}.Debug|Any CPU.Build.0 = Debug|Any CPU
		{9F6E4343-3A2D-444E-BB75-EA83B0199636}.Release|Any CPU.ActiveCfg = Release|Any CPU
		{9F6E4343-3A2D-444E-BB75-EA83B0199636}.Release|Any CPU.Build.0 = Release|Any CPU
		{85F7470A-354A-4EFB-802A-4813A5E72431}.Debug|Any CPU.ActiveCfg = Debug|Any CPU
		{85F7470A-354A-4EFB-802A-4813A5E72431}.Debug|Any CPU.Build.0 = Debug|Any CPU
		{85F7470A-354A-4EFB-802A-4813A5E72431}.Release|Any CPU.ActiveCfg = Release|Any CPU
		{85F7470A-354A-4EFB-802A-4813A5E72431}.Release|Any CPU.Build.0 = Release|Any CPU
	EndGlobalSection
	GlobalSection(SolutionProperties) = preSolution
		HideSolutionNode = FALSE
	EndGlobalSection
EndGlobal
